
Microsoft Visual Studio Solution File, Format Version 12.00
# Visual Studio 15
VisualStudioVersion = 15.0.28307.421
MinimumVisualStudioVersion = 10.0.40219.1
Project("{FAE04EC0-301F-11D3-BF4B-00C04F79EFBC}") = "ekudumbashree", "ekudumbashree\ekudumbashree.csproj", "{4D431765-4F70-4C42-97F1-C089F91F065C}"
EndProject
Global
	GlobalSection(SolutionConfigurationPlatforms) = preSolution
		Debug|Any CPU = Debug|Any CPU
		Release|Any CPU = Release|Any CPU
	EndGlobalSection
	GlobalSection(ProjectConfigurationPlatforms) = postSolution
		{4D431765-4F70-4C42-97F1-C089F91F065C}.Debug|Any CPU.ActiveCfg = Debug|Any CPU
		{4D431765-4F70-4C42-97F1-C089F91F065C}.Debug|Any CPU.Build.0 = Debug|Any CPU
		{4D431765-4F70-4C42-97F1-C089F91F065C}.Release|Any CPU.ActiveCfg = Release|Any CPU
		{4D431765-4F70-4C42-97F1-C089F91F065C}.Release|Any CPU.Build.0 = Release|Any CPU
	EndGlobalSection
	GlobalSection(SolutionProperties) = preSolution
		HideSolutionNode = FALSE
	EndGlobalSection
	GlobalSection(ExtensibilityGlobals) = postSolution
		SolutionGuid = {57853790-8624-4794-AB26-7517AF0BBF59}
	EndGlobalSection
EndGlobal
